
Microsoft Visual Studio Solution File, Format Version 12.00
# Visual Studio Version 17
VisualStudioVersion = 17.0.31903.59
MinimumVisualStudioVersion = 10.0.40219.1
Project("{FAE04EC0-301F-11D3-BF4B-00C04F79EFBC}") = "ThreeCases", "ThreeCases\ThreeCases.csproj", "{D307493A-700F-4D89-976B-A98073F8A2B4}"
EndProject
Global
	GlobalSection(SolutionConfigurationPlatforms) = preSolution
		Debug|Any CPU = Debug|Any CPU
		Release|Any CPU = Release|Any CPU
	EndGlobalSection
	GlobalSection(ProjectConfigurationPlatforms) = postSolution
		{D307493A-700F-4D89-976B-A98073F8A2B4}.Debug|Any CPU.ActiveCfg = Debug|Any CPU
		{D307493A-700F-4D89-976B-A98073F8A2B4}.Debug|Any CPU.Build.0 = Debug|Any CPU
		{D307493A-700F-4D89-976B-A98073F8A2B4}.Release|Any CPU.ActiveCfg = Release|Any CPU
		{D307493A-700F-4D89-976B-A98073F8A2B4}.Release|Any CPU.Build.0 = Release|Any CPU
	EndGlobalSection
	GlobalSection(SolutionProperties) = preSolution
		HideSolutionNode = FALSE
	EndGlobalSection
	GlobalSection(ExtensibilityGlobals) = postSolution
		SolutionGuid = {1E97E068-6638-4D06-8A00-A3149B4581A7}
	EndGlobalSection
EndGlobal
